
Microsoft Visual Studio Solution File, Format Version 12.00
# Visual Studio 2012
Project("{E24C65DC-7377-472B-9ABA-BC803B73C61A}") = "Forager", ".", "{0B5A4E6F-5DA8-43B3-AB29-9B4CC104AA0D}"
	ProjectSection(WebsiteProperties) = preProject
		TargetFrameworkMoniker = ".NETFramework,Version%3Dv4.0"
		Debug.AspNetCompiler.VirtualPath = "/Forager"
		Debug.AspNetCompiler.PhysicalPath = "..\Forager\"
		Debug.AspNetCompiler.TargetPath = "PrecompiledWeb\Forager\"
		Debug.AspNetCompiler.Updateable = "true"
		Debug.AspNetCompiler.ForceOverwrite = "true"
		Debug.AspNetCompiler.FixedNames = "false"
		Debug.AspNetCompiler.Debug = "True"
		Release.AspNetCompiler.VirtualPath = "/Forager"
		Release.AspNetCompiler.PhysicalPath = "..\Forager\"
		Release.AspNetCompiler.TargetPath = "PrecompiledWeb\Forager\"
		Release.AspNetCompiler.Updateable = "true"
		Release.AspNetCompiler.ForceOverwrite = "true"
		Release.AspNetCompiler.FixedNames = "false"
		Release.AspNetCompiler.Debug = "False"
		VWDPort = "40211"
	EndProjectSection
EndProject
Global
	GlobalSection(SolutionConfigurationPlatforms) = preSolution
		Debug|Any CPU = Debug|Any CPU
	EndGlobalSection
	GlobalSection(ProjectConfigurationPlatforms) = postSolution
		{0B5A4E6F-5DA8-43B3-AB29-9B4CC104AA0D}.Debug|Any CPU.ActiveCfg = Debug|Any CPU
		{0B5A4E6F-5DA8-43B3-AB29-9B4CC104AA0D}.Debug|Any CPU.Build.0 = Debug|Any CPU
	EndGlobalSection
	GlobalSection(SolutionProperties) = preSolution
		HideSolutionNode = FALSE
	EndGlobalSection
EndGlobal
